// !$*UTF8*$!
{
	archiveVersion = 1;
	classes = {
	};
	objectVersion = 46;
	objects = {

/* Begin PBXBuildFile section */
		C85F541E1CAE17AE00218EE3 /* AppDelegate.swift in Sources */ = {isa = PBXBuildFile; fileRef = C85F541D1CAE17AE00218EE3 /* AppDelegate.swift */; };
		C85F54281CAE17AE00218EE3 /* LaunchScreen.storyboard in Resources */ = {isa = PBXBuildFile; fileRef = C85F54261CAE17AE00218EE3 /* LaunchScreen.storyboard */; };
		C85F54331CAE17AE00218EE3 /* MZWeiboTests.swift in Sources */ = {isa = PBXBuildFile; fileRef = C85F54321CAE17AE00218EE3 /* MZWeiboTests.swift */; };
		C85F543E1CAE17AE00218EE3 /* MZWeiboUITests.swift in Sources */ = {isa = PBXBuildFile; fileRef = C85F543D1CAE17AE00218EE3 /* MZWeiboUITests.swift */; };
		C87980701CB40B6E001FB715 /* UIBarButtonItem+category.swift in Sources */ = {isa = PBXBuildFile; fileRef = C879806F1CB40B6E001FB715 /* UIBarButtonItem+category.swift */; };
		C87980721CB411BE001FB715 /* TitleButton.swift in Sources */ = {isa = PBXBuildFile; fileRef = C87980711CB411BE001FB715 /* TitleButton.swift */; };
		C87980751CB49A3B001FB715 /* PopcoverViewController.storyboard in Resources */ = {isa = PBXBuildFile; fileRef = C87980741CB49A3B001FB715 /* PopcoverViewController.storyboard */; };
		C87980771CB4A12F001FB715 /* PopverPresentationController.swift in Sources */ = {isa = PBXBuildFile; fileRef = C87980761CB4A12F001FB715 /* PopverPresentationController.swift */; };
		C87980791CB4A550001FB715 /* PopverViewController.swift in Sources */ = {isa = PBXBuildFile; fileRef = C87980781CB4A550001FB715 /* PopverViewController.swift */; };
		C87F4F251CB61FCF00717EB6 /* QRCodeViewController.storyboard in Resources */ = {isa = PBXBuildFile; fileRef = C87F4F241CB61FCF00717EB6 /* QRCodeViewController.storyboard */; };
		C87F4F271CB622C600717EB6 /* QRCodeViewController.swift in Sources */ = {isa = PBXBuildFile; fileRef = C87F4F261CB622C600717EB6 /* QRCodeViewController.swift */; };
		C88D29311CB2AAC10051D460 /* Assets.xcassets in Resources */ = {isa = PBXBuildFile; fileRef = C88D29301CB2AAC10051D460 /* Assets.xcassets */; };
		C8B831251CB5063700AB0CDD /* PopoverAnimation.swift in Sources */ = {isa = PBXBuildFile; fileRef = C8B831241CB5063700AB0CDD /* PopoverAnimation.swift */; };
		C8E5897B1CB756600046EE8E /* QRCodeCardViewController.swift in Sources */ = {isa = PBXBuildFile; fileRef = C8E5897A1CB756600046EE8E /* QRCodeCardViewController.swift */; };
		C8F6D29F1CB3997E00DA08C7 /* VisitorView.swift in Sources */ = {isa = PBXBuildFile; fileRef = C8F6D29E1CB3997E00DA08C7 /* VisitorView.swift */; };
		C8F6D2A11CB39F4400DA08C7 /* UIView+AutoLayout.swift in Sources */ = {isa = PBXBuildFile; fileRef = C8F6D2A01CB39F4400DA08C7 /* UIView+AutoLayout.swift */; };
		C8F8AB6E1CB78EF3004A6715 /* MM.jpg in Resources */ = {isa = PBXBuildFile; fileRef = C8F8AB6D1CB78EF3004A6715 /* MM.jpg */; };
		C8F8C9DE1CB3548C0008BA2E /* MainViewController.swift in Sources */ = {isa = PBXBuildFile; fileRef = C8F8C9DD1CB3548C0008BA2E /* MainViewController.swift */; };
		C8F8C9E01CB354A40008BA2E /* HomeTableViewController.swift in Sources */ = {isa = PBXBuildFile; fileRef = C8F8C9DF1CB354A40008BA2E /* HomeTableViewController.swift */; };
		C8F8C9E21CB354AF0008BA2E /* DiscoverTableViewController.swift in Sources */ = {isa = PBXBuildFile; fileRef = C8F8C9E11CB354AF0008BA2E /* DiscoverTableViewController.swift */; };
		C8F8C9E41CB354C60008BA2E /* MessageTableViewController.swift in Sources */ = {isa = PBXBuildFile; fileRef = C8F8C9E31CB354C60008BA2E /* MessageTableViewController.swift */; };
		C8F8C9E61CB354D20008BA2E /* ProfileTableViewController.swift in Sources */ = {isa = PBXBuildFile; fileRef = C8F8C9E51CB354D20008BA2E /* ProfileTableViewController.swift */; };
		C8F8C9EA1CB35C470008BA2E /* MainVCSettings.json in Resources */ = {isa = PBXBuildFile; fileRef = C8F8C9E81CB35C470008BA2E /* MainVCSettings.json */; };
		C8F8C9EB1CB35C470008BA2E /* NullViewController.swift in Sources */ = {isa = PBXBuildFile; fileRef = C8F8C9E91CB35C470008BA2E /* NullViewController.swift */; };
		C8F8C9ED1CB395E10008BA2E /* BaseTableViewController.swift in Sources */ = {isa = PBXBuildFile; fileRef = C8F8C9EC1CB395E10008BA2E /* BaseTableViewController.swift */; };
/* End PBXBuildFile section */

/* Begin PBXContainerItemProxy section */
		C85F542F1CAE17AE00218EE3 /* PBXContainerItemProxy */ = {
			isa = PBXContainerItemProxy;
			containerPortal = C85F54121CAE17AE00218EE3 /* Project object */;
			proxyType = 1;
			remoteGlobalIDString = C85F54191CAE17AE00218EE3;
			remoteInfo = MZWeibo;
		};
		C85F543A1CAE17AE00218EE3 /* PBXContainerItemProxy */ = {
			isa = PBXContainerItemProxy;
			containerPortal = C85F54121CAE17AE00218EE3 /* Project object */;
			proxyType = 1;
			remoteGlobalIDString = C85F54191CAE17AE00218EE3;
			remoteInfo = MZWeibo;
		};
/* End PBXContainerItemProxy section */

/* Begin PBXFileReference section */
		C85F541A1CAE17AE00218EE3 /* MZWeibo.app */ = {isa = PBXFileReference; explicitFileType = wrapper.application; includeInIndex = 0; path = MZWeibo.app; sourceTree = BUILT_PRODUCTS_DIR; };
		C85F541D1CAE17AE00218EE3 /* AppDelegate.swift */ = {isa = PBXFileReference; lastKnownFileType = sourcecode.swift; path = AppDelegate.swift; sourceTree = "<group>"; };
		C85F54271CAE17AE00218EE3 /* Base */ = {isa = PBXFileReference; lastKnownFileType = file.storyboard; name = Base; path = Base.lproj/LaunchScreen.storyboard; sourceTree = "<group>"; };
		C85F54291CAE17AE00218EE3 /* Info.plist */ = {isa = PBXFileReference; lastKnownFileType = text.plist.xml; path = Info.plist; sourceTree = "<group>"; };
		C85F542E1CAE17AE00218EE3 /* MZWeiboTests.xctest */ = {isa = PBXFileReference; explicitFileType = wrapper.cfbundle; includeInIndex = 0; path = MZWeiboTests.xctest; sourceTree = BUILT_PRODUCTS_DIR; };
		C85F54321CAE17AE00218EE3 /* MZWeiboTests.swift */ = {isa = PBXFileReference; lastKnownFileType = sourcecode.swift; path = MZWeiboTests.swift; sourceTree = "<group>"; };
		C85F54341CAE17AE00218EE3 /* Info.plist */ = {isa = PBXFileReference; lastKnownFileType = text.plist.xml; path = Info.plist; sourceTree = "<group>"; };
		C85F54391CAE17AE00218EE3 /* MZWeiboUITests.xctest */ = {isa = PBXFileReference; explicitFileType = wrapper.cfbundle; includeInIndex = 0; path = MZWeiboUITests.xctest; sourceTree = BUILT_PRODUCTS_DIR; };
		C85F543D1CAE17AE00218EE3 /* MZWeiboUITests.swift */ = {isa = PBXFileReference; lastKnownFileType = sourcecode.swift; path = MZWeiboUITests.swift; sourceTree = "<group>"; };
		C85F543F1CAE17AE00218EE3 /* Info.plist */ = {isa = PBXFileReference; lastKnownFileType = text.plist.xml; path = Info.plist; sourceTree = "<group>"; };
		C879806F1CB40B6E001FB715 /* UIBarButtonItem+category.swift */ = {isa = PBXFileReference; fileEncoding = 4; lastKnownFileType = sourcecode.swift; path = "UIBarButtonItem+category.swift"; sourceTree = "<group>"; };
		C87980711CB411BE001FB715 /* TitleButton.swift */ = {isa = PBXFileReference; fileEncoding = 4; lastKnownFileType = sourcecode.swift; path = TitleButton.swift; sourceTree = "<group>"; };
		C87980741CB49A3B001FB715 /* PopcoverViewController.storyboard */ = {isa = PBXFileReference; fileEncoding = 4; lastKnownFileType = file.storyboard; path = PopcoverViewController.storyboard; sourceTree = "<group>"; };
		C87980761CB4A12F001FB715 /* PopverPresentationController.swift */ = {isa = PBXFileReference; fileEncoding = 4; lastKnownFileType = sourcecode.swift; path = PopverPresentationController.swift; sourceTree = "<group>"; };
		C87980781CB4A550001FB715 /* PopverViewController.swift */ = {isa = PBXFileReference; fileEncoding = 4; lastKnownFileType = sourcecode.swift; path = PopverViewController.swift; sourceTree = "<group>"; };
		C87F4F241CB61FCF00717EB6 /* QRCodeViewController.storyboard */ = {isa = PBXFileReference; fileEncoding = 4; lastKnownFileType = file.storyboard; path = QRCodeViewController.storyboard; sourceTree = "<group>"; };
		C87F4F261CB622C600717EB6 /* QRCodeViewController.swift */ = {isa = PBXFileReference; fileEncoding = 4; lastKnownFileType = sourcecode.swift; path = QRCodeViewController.swift; sourceTree = "<group>"; };
		C88D29301CB2AAC10051D460 /* Assets.xcassets */ = {isa = PBXFileReference; lastKnownFileType = folder.assetcatalog; path = Assets.xcassets; sourceTree = "<group>"; };
		C8B831241CB5063700AB0CDD /* PopoverAnimation.swift */ = {isa = PBXFileReference; fileEncoding = 4; lastKnownFileType = sourcecode.swift; path = PopoverAnimation.swift; sourceTree = "<group>"; };
		C8E5897A1CB756600046EE8E /* QRCodeCardViewController.swift */ = {isa = PBXFileReference; fileEncoding = 4; lastKnownFileType = sourcecode.swift; path = QRCodeCardViewController.swift; sourceTree = "<group>"; };
		C8F6D29E1CB3997E00DA08C7 /* VisitorView.swift */ = {isa = PBXFileReference; fileEncoding = 4; lastKnownFileType = sourcecode.swift; path = VisitorView.swift; sourceTree = "<group>"; };
		C8F6D2A01CB39F4400DA08C7 /* UIView+AutoLayout.swift */ = {isa = PBXFileReference; fileEncoding = 4; lastKnownFileType = sourcecode.swift; path = "UIView+AutoLayout.swift"; sourceTree = "<group>"; };
		C8F8AB6D1CB78EF3004A6715 /* MM.jpg */ = {isa = PBXFileReference; lastKnownFileType = image.jpeg; path = MM.jpg; sourceTree = "<group>"; };
		C8F8C9DD1CB3548C0008BA2E /* MainViewController.swift */ = {isa = PBXFileReference; fileEncoding = 4; lastKnownFileType = sourcecode.swift; path = MainViewController.swift; sourceTree = "<group>"; };
		C8F8C9DF1CB354A40008BA2E /* HomeTableViewController.swift */ = {isa = PBXFileReference; fileEncoding = 4; lastKnownFileType = sourcecode.swift; path = HomeTableViewController.swift; sourceTree = "<group>"; };
		C8F8C9E11CB354AF0008BA2E /* DiscoverTableViewController.swift */ = {isa = PBXFileReference; fileEncoding = 4; lastKnownFileType = sourcecode.swift; path = DiscoverTableViewController.swift; sourceTree = "<group>"; };
		C8F8C9E31CB354C60008BA2E /* MessageTableViewController.swift */ = {isa = PBXFileReference; fileEncoding = 4; lastKnownFileType = sourcecode.swift; path = MessageTableViewController.swift; sourceTree = "<group>"; };
		C8F8C9E51CB354D20008BA2E /* ProfileTableViewController.swift */ = {isa = PBXFileReference; fileEncoding = 4; lastKnownFileType = sourcecode.swift; path = ProfileTableViewController.swift; sourceTree = "<group>"; };
		C8F8C9E81CB35C470008BA2E /* MainVCSettings.json */ = {isa = PBXFileReference; fileEncoding = 4; lastKnownFileType = text.json; path = MainVCSettings.json; sourceTree = "<group>"; };
		C8F8C9E91CB35C470008BA2E /* NullViewController.swift */ = {isa = PBXFileReference; fileEncoding = 4; lastKnownFileType = sourcecode.swift; path = NullViewController.swift; sourceTree = "<group>"; };
		C8F8C9EC1CB395E10008BA2E /* BaseTableViewController.swift */ = {isa = PBXFileReference; fileEncoding = 4; lastKnownFileType = sourcecode.swift; path = BaseTableViewController.swift; sourceTree = "<group>"; };
/* End PBXFileReference section */

/* Begin PBXFrameworksBuildPhase section */
		C85F54171CAE17AE00218EE3 /* Frameworks */ = {
			isa = PBXFrameworksBuildPhase;
			buildActionMask = 2147483647;
			files = (
			);
			runOnlyForDeploymentPostprocessing = 0;
		};
		C85F542B1CAE17AE00218EE3 /* Frameworks */ = {
			isa = PBXFrameworksBuildPhase;
			buildActionMask = 2147483647;
			files = (
			);
			runOnlyForDeploymentPostprocessing = 0;
		};
		C85F54361CAE17AE00218EE3 /* Frameworks */ = {
			isa = PBXFrameworksBuildPhase;
			buildActionMask = 2147483647;
			files = (
			);
			runOnlyForDeploymentPostprocessing = 0;
		};
/* End PBXFrameworksBuildPhase section */

/* Begin PBXGroup section */
		C85F54111CAE17AE00218EE3 = {
			isa = PBXGroup;
			children = (
				C85F541C1CAE17AE00218EE3 /* MZWeibo */,
				C85F54311CAE17AE00218EE3 /* MZWeiboTests */,
				C85F543C1CAE17AE00218EE3 /* MZWeiboUITests */,
				C85F541B1CAE17AE00218EE3 /* Products */,
			);
			sourceTree = "<group>";
		};
		C85F541B1CAE17AE00218EE3 /* Products */ = {
			isa = PBXGroup;
			children = (
				C85F541A1CAE17AE00218EE3 /* MZWeibo.app */,
				C85F542E1CAE17AE00218EE3 /* MZWeiboTests.xctest */,
				C85F54391CAE17AE00218EE3 /* MZWeiboUITests.xctest */,
			);
			name = Products;
			sourceTree = "<group>";
		};
		C85F541C1CAE17AE00218EE3 /* MZWeibo */ = {
			isa = PBXGroup;
			children = (
				C85F541D1CAE17AE00218EE3 /* AppDelegate.swift */,
				C8F8C9D51CB354020008BA2E /* Classes */,
				C85F54261CAE17AE00218EE3 /* LaunchScreen.storyboard */,
				C85F54291CAE17AE00218EE3 /* Info.plist */,
				C88D29301CB2AAC10051D460 /* Assets.xcassets */,
				C8F8AB6D1CB78EF3004A6715 /* MM.jpg */,
			);
			path = MZWeibo;
			sourceTree = "<group>";
		};
		C85F54311CAE17AE00218EE3 /* MZWeiboTests */ = {
			isa = PBXGroup;
			children = (
				C85F54321CAE17AE00218EE3 /* MZWeiboTests.swift */,
				C85F54341CAE17AE00218EE3 /* Info.plist */,
			);
			path = MZWeiboTests;
			sourceTree = "<group>";
		};
		C85F543C1CAE17AE00218EE3 /* MZWeiboUITests */ = {
			isa = PBXGroup;
			children = (
				C85F543D1CAE17AE00218EE3 /* MZWeiboUITests.swift */,
				C85F543F1CAE17AE00218EE3 /* Info.plist */,
			);
			path = MZWeiboUITests;
			sourceTree = "<group>";
		};
		C87980731CB499F4001FB715 /* Popover */ = {
			isa = PBXGroup;
			children = (
				C87980741CB49A3B001FB715 /* PopcoverViewController.storyboard */,
				C87980761CB4A12F001FB715 /* PopverPresentationController.swift */,
				C87980781CB4A550001FB715 /* PopverViewController.swift */,
				C8B831241CB5063700AB0CDD /* PopoverAnimation.swift */,
			);
			path = Popover;
			sourceTree = "<group>";
		};
		C87F4F231CB61D9500717EB6 /* QRCode */ = {
			isa = PBXGroup;
			children = (
				C87F4F241CB61FCF00717EB6 /* QRCodeViewController.storyboard */,
				C87F4F261CB622C600717EB6 /* QRCodeViewController.swift */,
				C8E5897A1CB756600046EE8E /* QRCodeCardViewController.swift */,
			);
			path = QRCode;
			sourceTree = "<group>";
		};
		C8F8C9D51CB354020008BA2E /* Classes */ = {
			isa = PBXGroup;
			children = (
				C8F8C9D61CB354020008BA2E /* Common */,
				C8F8C9D71CB354020008BA2E /* Discover */,
				C8F8C9D81CB354020008BA2E /* Home */,
				C8F8C9D91CB354020008BA2E /* Main */,
				C8F8C9DA1CB354020008BA2E /* Message */,
				C8F8C9DB1CB354020008BA2E /* Profile */,
				C8F8C9DC1CB354020008BA2E /* Tools */,
			);
			path = Classes;
			sourceTree = "<group>";
		};
		C8F8C9D61CB354020008BA2E /* Common */ = {
			isa = PBXGroup;
			children = (
				C879806F1CB40B6E001FB715 /* UIBarButtonItem+category.swift */,
				C87980711CB411BE001FB715 /* TitleButton.swift */,
			);
			path = Common;
			sourceTree = "<group>";
		};
		C8F8C9D71CB354020008BA2E /* Discover */ = {
			isa = PBXGroup;
			children = (
				C8F8C9E11CB354AF0008BA2E /* DiscoverTableViewController.swift */,
			);
			path = Discover;
			sourceTree = "<group>";
		};
		C8F8C9D81CB354020008BA2E /* Home */ = {
			isa = PBXGroup;
			children = (
				C87F4F231CB61D9500717EB6 /* QRCode */,
				C87980731CB499F4001FB715 /* Popover */,
				C8F8C9DF1CB354A40008BA2E /* HomeTableViewController.swift */,
			);
			path = Home;
			sourceTree = "<group>";
		};
		C8F8C9D91CB354020008BA2E /* Main */ = {
			isa = PBXGroup;
			children = (
				C8F8C9E71CB35C470008BA2E /* Resource */,
				C8F8C9DD1CB3548C0008BA2E /* MainViewController.swift */,
				C8F8C9EC1CB395E10008BA2E /* BaseTableViewController.swift */,
				C8F6D29E1CB3997E00DA08C7 /* VisitorView.swift */,
			);
			path = Main;
			sourceTree = "<group>";
		};
		C8F8C9DA1CB354020008BA2E /* Message */ = {
			isa = PBXGroup;
			children = (
				C8F8C9E31CB354C60008BA2E /* MessageTableViewController.swift */,
			);
			path = Message;
			sourceTree = "<group>";
		};
		C8F8C9DB1CB354020008BA2E /* Profile */ = {
			isa = PBXGroup;
			children = (
				C8F8C9E51CB354D20008BA2E /* ProfileTableViewController.swift */,
			);
			path = Profile;
			sourceTree = "<group>";
		};
		C8F8C9DC1CB354020008BA2E /* Tools */ = {
			isa = PBXGroup;
			children = (
				C8F6D2A01CB39F4400DA08C7 /* UIView+AutoLayout.swift */,
			);
			path = Tools;
			sourceTree = "<group>";
		};
		C8F8C9E71CB35C470008BA2E /* Resource */ = {
			isa = PBXGroup;
			children = (
				C8F8C9E81CB35C470008BA2E /* MainVCSettings.json */,
				C8F8C9E91CB35C470008BA2E /* NullViewController.swift */,
			);
			path = Resource;
			sourceTree = "<group>";
		};
/* End PBXGroup section */

/* Begin PBXNativeTarget section */
		C85F54191CAE17AE00218EE3 /* MZWeibo */ = {
			isa = PBXNativeTarget;
			buildConfigurationList = C85F54421CAE17AE00218EE3 /* Build configuration list for PBXNativeTarget "MZWeibo" */;
			buildPhases = (
				C85F54161CAE17AE00218EE3 /* Sources */,
				C85F54171CAE17AE00218EE3 /* Frameworks */,
				C85F54181CAE17AE00218EE3 /* Resources */,
			);
			buildRules = (
			);
			dependencies = (
			);
			name = MZWeibo;
			productName = MZWeibo;
			productReference = C85F541A1CAE17AE00218EE3 /* MZWeibo.app */;
			productType = "com.apple.product-type.application";
		};
		C85F542D1CAE17AE00218EE3 /* MZWeiboTests */ = {
			isa = PBXNativeTarget;
			buildConfigurationList = C85F54451CAE17AE00218EE3 /* Build configuration list for PBXNativeTarget "MZWeiboTests" */;
			buildPhases = (
				C85F542A1CAE17AE00218EE3 /* Sources */,
				C85F542B1CAE17AE00218EE3 /* Frameworks */,
				C85F542C1CAE17AE00218EE3 /* Resources */,
			);
			buildRules = (
			);
			dependencies = (
				C85F54301CAE17AE00218EE3 /* PBXTargetDependency */,
			);
			name = MZWeiboTests;
			productName = MZWeiboTests;
			productReference = C85F542E1CAE17AE00218EE3 /* MZWeiboTests.xctest */;
			productType = "com.apple.product-type.bundle.unit-test";
		};
		C85F54381CAE17AE00218EE3 /* MZWeiboUITests */ = {
			isa = PBXNativeTarget;
			buildConfigurationList = C85F54481CAE17AE00218EE3 /* Build configuration list for PBXNativeTarget "MZWeiboUITests" */;
			buildPhases = (
				C85F54351CAE17AE00218EE3 /* Sources */,
				C85F54361CAE17AE00218EE3 /* Frameworks */,
				C85F54371CAE17AE00218EE3 /* Resources */,
			);
			buildRules = (
			);
			dependencies = (
				C85F543B1CAE17AE00218EE3 /* PBXTargetDependency */,
			);
			name = MZWeiboUITests;
			productName = MZWeiboUITests;
			productReference = C85F54391CAE17AE00218EE3 /* MZWeiboUITests.xctest */;
			productType = "com.apple.product-type.bundle.ui-testing";
		};
/* End PBXNativeTarget section */

/* Begin PBXProject section */
		C85F54121CAE17AE00218EE3 /* Project object */ = {
			isa = PBXProject;
			attributes = {
				LastSwiftUpdateCheck = 0720;
				LastUpgradeCheck = 0720;
				ORGANIZATIONNAME = "Déesse";
				TargetAttributes = {
					C85F54191CAE17AE00218EE3 = {
						CreatedOnToolsVersion = 7.2.1;
						DevelopmentTeam = WZURVSVDJ4;
					};
					C85F542D1CAE17AE00218EE3 = {
						CreatedOnToolsVersion = 7.2.1;
						TestTargetID = C85F54191CAE17AE00218EE3;
					};
					C85F54381CAE17AE00218EE3 = {
						CreatedOnToolsVersion = 7.2.1;
						TestTargetID = C85F54191CAE17AE00218EE3;
					};
				};
			};
			buildConfigurationList = C85F54151CAE17AE00218EE3 /* Build configuration list for PBXProject "MZWeibo" */;
			compatibilityVersion = "Xcode 3.2";
			developmentRegion = English;
			hasScannedForEncodings = 0;
			knownRegions = (
				en,
				Base,
			);
			mainGroup = C85F54111CAE17AE00218EE3;
			productRefGroup = C85F541B1CAE17AE00218EE3 /* Products */;
			projectDirPath = "";
			projectRoot = "";
			targets = (
				C85F54191CAE17AE00218EE3 /* MZWeibo */,
				C85F542D1CAE17AE00218EE3 /* MZWeiboTests */,
				C85F54381CAE17AE00218EE3 /* MZWeiboUITests */,
			);
		};
/* End PBXProject section */

/* Begin PBXResourcesBuildPhase section */
		C85F54181CAE17AE00218EE3 /* Resources */ = {
			isa = PBXResourcesBuildPhase;
			buildActionMask = 2147483647;
			files = (
				C85F54281CAE17AE00218EE3 /* LaunchScreen.storyboard in Resources */,
				C88D29311CB2AAC10051D460 /* Assets.xcassets in Resources */,
				C8F8C9EA1CB35C470008BA2E /* MainVCSettings.json in Resources */,
				C8F8AB6E1CB78EF3004A6715 /* MM.jpg in Resources */,
				C87F4F251CB61FCF00717EB6 /* QRCodeViewController.storyboard in Resources */,
				C87980751CB49A3B001FB715 /* PopcoverViewController.storyboard in Resources */,
			);
			runOnlyForDeploymentPostprocessing = 0;
		};
		C85F542C1CAE17AE00218EE3 /* Resources */ = {
			isa = PBXResourcesBuildPhase;
			buildActionMask = 2147483647;
			files = (
			);
			runOnlyForDeploymentPostprocessing = 0;
		};
		C85F54371CAE17AE00218EE3 /* Resources */ = {
			isa = PBXResourcesBuildPhase;
			buildActionMask = 2147483647;
			files = (
			);
			runOnlyForDeploymentPostprocessing = 0;
		};
/* End PBXResourcesBuildPhase section */

/* Begin PBXSourcesBuildPhase section */
		C85F54161CAE17AE00218EE3 /* Sources */ = {
			isa = PBXSourcesBuildPhase;
			buildActionMask = 2147483647;
			files = (
				C87980771CB4A12F001FB715 /* PopverPresentationController.swift in Sources */,
				C8F8C9E61CB354D20008BA2E /* ProfileTableViewController.swift in Sources */,
				C87F4F271CB622C600717EB6 /* QRCodeViewController.swift in Sources */,
				C8F8C9E01CB354A40008BA2E /* HomeTableViewController.swift in Sources */,
				C8F8C9ED1CB395E10008BA2E /* BaseTableViewController.swift in Sources */,
				C85F541E1CAE17AE00218EE3 /* AppDelegate.swift in Sources */,
				C8E5897B1CB756600046EE8E /* QRCodeCardViewController.swift in Sources */,
				C8F8C9E41CB354C60008BA2E /* MessageTableViewController.swift in Sources */,
				C8F6D2A11CB39F4400DA08C7 /* UIView+AutoLayout.swift in Sources */,
				C8F8C9E21CB354AF0008BA2E /* DiscoverTableViewController.swift in Sources */,
				C8F6D29F1CB3997E00DA08C7 /* VisitorView.swift in Sources */,
				C87980701CB40B6E001FB715 /* UIBarButtonItem+category.swift in Sources */,
				C8F8C9DE1CB3548C0008BA2E /* MainViewController.swift in Sources */,
				C87980721CB411BE001FB715 /* TitleButton.swift in Sources */,
				C87980791CB4A550001FB715 /* PopverViewController.swift in Sources */,
				C8B831251CB5063700AB0CDD /* PopoverAnimation.swift in Sources */,
				C8F8C9EB1CB35C470008BA2E /* NullViewController.swift in Sources */,
			);
			runOnlyForDeploymentPostprocessing = 0;
		};
		C85F542A1CAE17AE00218EE3 /* Sources */ = {
			isa = PBXSourcesBuildPhase;
			buildActionMask = 2147483647;
			files = (
				C85F54331CAE17AE00218EE3 /* MZWeiboTests.swift in Sources */,
			);
			runOnlyForDeploymentPostprocessing = 0;
		};
		C85F54351CAE17AE00218EE3 /* Sources */ = {
			isa = PBXSourcesBuildPhase;
			buildActionMask = 2147483647;
			files = (
				C85F543E1CAE17AE00218EE3 /* MZWeiboUITests.swift in Sources */,
			);
			runOnlyForDeploymentPostprocessing = 0;
		};
/* End PBXSourcesBuildPhase section */

/* Begin PBXTargetDependency section */
		C85F54301CAE17AE00218EE3 /* PBXTargetDependency */ = {
			isa = PBXTargetDependency;
			target = C85F54191CAE17AE00218EE3 /* MZWeibo */;
			targetProxy = C85F542F1CAE17AE00218EE3 /* PBXContainerItemProxy */;
		};
		C85F543B1CAE17AE00218EE3 /* PBXTargetDependency */ = {
			isa = PBXTargetDependency;
			target = C85F54191CAE17AE00218EE3 /* MZWeibo */;
			targetProxy = C85F543A1CAE17AE00218EE3 /* PBXContainerItemProxy */;
		};
/* End PBXTargetDependency section */

/* Begin PBXVariantGroup section */
		C85F54261CAE17AE00218EE3 /* LaunchScreen.storyboard */ = {
			isa = PBXVariantGroup;
			children = (
				C85F54271CAE17AE00218EE3 /* Base */,
			);
			name = LaunchScreen.storyboard;
			sourceTree = "<group>";
		};
/* End PBXVariantGroup section */

/* Begin XCBuildConfiguration section */
		C85F54401CAE17AE00218EE3 /* Debug */ = {
			isa = XCBuildConfiguration;
			buildSettings = {
				ALWAYS_SEARCH_USER_PATHS = NO;
				CLANG_CXX_LANGUAGE_STANDARD = "gnu++0x";
				CLANG_CXX_LIBRARY = "libc++";
				CLANG_ENABLE_MODULES = YES;
				CLANG_ENABLE_OBJC_ARC = YES;
				CLANG_WARN_BOOL_CONVERSION = YES;
				CLANG_WARN_CONSTANT_CONVERSION = YES;
				CLANG_WARN_DIRECT_OBJC_ISA_USAGE = YES_ERROR;
				CLANG_WARN_EMPTY_BODY = YES;
				CLANG_WARN_ENUM_CONVERSION = YES;
				CLANG_WARN_INT_CONVERSION = YES;
				CLANG_WARN_OBJC_ROOT_CLASS = YES_ERROR;
				CLANG_WARN_UNREACHABLE_CODE = YES;
				CLANG_WARN__DUPLICATE_METHOD_MATCH = YES;
				"CODE_SIGN_IDENTITY[sdk=iphoneos*]" = "iPhone Developer";
				COPY_PHASE_STRIP = NO;
				DEBUG_INFORMATION_FORMAT = dwarf;
				ENABLE_STRICT_OBJC_MSGSEND = YES;
				ENABLE_TESTABILITY = YES;
				GCC_C_LANGUAGE_STANDARD = gnu99;
				GCC_DYNAMIC_NO_PIC = NO;
				GCC_NO_COMMON_BLOCKS = YES;
				GCC_OPTIMIZATION_LEVEL = 0;
				GCC_PREPROCESSOR_DEFINITIONS = (
					"DEBUG=1",
					"$(inherited)",
				);
				GCC_WARN_64_TO_32_BIT_CONVERSION = YES;
				GCC_WARN_ABOUT_RETURN_TYPE = YES_ERROR;
				GCC_WARN_UNDECLARED_SELECTOR = YES;
				GCC_WARN_UNINITIALIZED_AUTOS = YES_AGGRESSIVE;
				GCC_WARN_UNUSED_FUNCTION = YES;
				GCC_WARN_UNUSED_VARIABLE = YES;
				IPHONEOS_DEPLOYMENT_TARGET = 9.2;
				MTL_ENABLE_DEBUG_INFO = YES;
				ONLY_ACTIVE_ARCH = YES;
				SDKROOT = iphoneos;
				SWIFT_OPTIMIZATION_LEVEL = "-Onone";
				TARGETED_DEVICE_FAMILY = "1,2";
			};
			name = Debug;
		};
		C85F54411CAE17AE00218EE3 /* Release */ = {
			isa = XCBuildConfiguration;
			buildSettings = {
				ALWAYS_SEARCH_USER_PATHS = NO;
				CLANG_CXX_LANGUAGE_STANDARD = "gnu++0x";
				CLANG_CXX_LIBRARY = "libc++";
				CLANG_ENABLE_MODULES = YES;
				CLANG_ENABLE_OBJC_ARC = YES;
				CLANG_WARN_BOOL_CONVERSION = YES;
				CLANG_WARN_CONSTANT_CONVERSION = YES;
				CLANG_WARN_DIRECT_OBJC_ISA_USAGE = YES_ERROR;
				CLANG_WARN_EMPTY_BODY = YES;
				CLANG_WARN_ENUM_CONVERSION = YES;
				CLANG_WARN_INT_CONVERSION = YES;
				CLANG_WARN_OBJC_ROOT_CLASS = YES_ERROR;
				CLANG_WARN_UNREACHABLE_CODE = YES;
				CLANG_WARN__DUPLICATE_METHOD_MATCH = YES;
				"CODE_SIGN_IDENTITY[sdk=iphoneos*]" = "iPhone Developer";
				COPY_PHASE_STRIP = NO;
				DEBUG_INFORMATION_FORMAT = "dwarf-with-dsym";
				ENABLE_NS_ASSERTIONS = NO;
				ENABLE_STRICT_OBJC_MSGSEND = YES;
				GCC_C_LANGUAGE_STANDARD = gnu99;
				GCC_NO_COMMON_BLOCKS = YES;
				GCC_WARN_64_TO_32_BIT_CONVERSION = YES;
				GCC_WARN_ABOUT_RETURN_TYPE = YES_ERROR;
				GCC_WARN_UNDECLARED_SELECTOR = YES;
				GCC_WARN_UNINITIALIZED_AUTOS = YES_AGGRESSIVE;
				GCC_WARN_UNUSED_FUNCTION = YES;
				GCC_WARN_UNUSED_VARIABLE = YES;
				IPHONEOS_DEPLOYMENT_TARGET = 9.2;
				MTL_ENABLE_DEBUG_INFO = NO;
				SDKROOT = iphoneos;
				TARGETED_DEVICE_FAMILY = "1,2";
				VALIDATE_PRODUCT = YES;
			};
			name = Release;
		};
		C85F54431CAE17AE00218EE3 /* Debug */ = {
			isa = XCBuildConfiguration;
			buildSettings = {
				ASSETCATALOG_COMPILER_APPICON_NAME = AppIcon;
				ASSETCATALOG_COMPILER_LAUNCHIMAGE_NAME = LaunchImage;
				CODE_SIGN_IDENTITY = "iPhone Developer";
				INFOPLIST_FILE = MZWeibo/Info.plist;
				IPHONEOS_DEPLOYMENT_TARGET = 8.0;
				LD_RUNPATH_SEARCH_PATHS = "$(inherited) @executable_path/Frameworks";
				PRODUCT_BUNDLE_IDENTIFIER = NNMM.MZWeibo;
				PRODUCT_NAME = "$(TARGET_NAME)";
				TARGETED_DEVICE_FAMILY = "1,2";
			};
			name = Debug;
		};
		C85F54441CAE17AE00218EE3 /* Release */ = {
			isa = XCBuildConfiguration;
			buildSettings = {
				ASSETCATALOG_COMPILER_APPICON_NAME = AppIcon;
				ASSETCATALOG_COMPILER_LAUNCHIMAGE_NAME = LaunchImage;
				CODE_SIGN_IDENTITY = "iPhone Developer";
				INFOPLIST_FILE = MZWeibo/Info.plist;
				IPHONEOS_DEPLOYMENT_TARGET = 8.0;
				LD_RUNPATH_SEARCH_PATHS = "$(inherited) @executable_path/Frameworks";
				PRODUCT_BUNDLE_IDENTIFIER = NNMM.MZWeibo;
				PRODUCT_NAME = "$(TARGET_NAME)";
				TARGETED_DEVICE_FAMILY = "1,2";
			};
			name = Release;
		};
		C85F54461CAE17AE00218EE3 /* Debug */ = {
			isa = XCBuildConfiguration;
			buildSettings = {
				BUNDLE_LOADER = "$(TEST_HOST)";
				INFOPLIST_FILE = MZWeiboTests/Info.plist;
				LD_RUNPATH_SEARCH_PATHS = "$(inherited) @executable_path/Frameworks @loader_path/Frameworks";
				PRODUCT_BUNDLE_IDENTIFIER = NNMM.MZWeiboTests;
				PRODUCT_NAME = "$(TARGET_NAME)";
				TEST_HOST = "$(BUILT_PRODUCTS_DIR)/MZWeibo.app/MZWeibo";
			};
			name = Debug;
		};
		C85F54471CAE17AE00218EE3 /* Release */ = {
			isa = XCBuildConfiguration;
			buildSettings = {
				BUNDLE_LOADER = "$(TEST_HOST)";
				INFOPLIST_FILE = MZWeiboTests/Info.plist;
				LD_RUNPATH_SEARCH_PATHS = "$(inherited) @executable_path/Frameworks @loader_path/Frameworks";
				PRODUCT_BUNDLE_IDENTIFIER = NNMM.MZWeiboTests;
				PRODUCT_NAME = "$(TARGET_NAME)";
				TEST_HOST = "$(BUILT_PRODUCTS_DIR)/MZWeibo.app/MZWeibo";
			};
			name = Release;
		};
		C85F54491CAE17AE00218EE3 /* Debug */ = {
			isa = XCBuildConfiguration;
			buildSettings = {
				INFOPLIST_FILE = MZWeiboUITests/Info.plist;
				LD_RUNPATH_SEARCH_PATHS = "$(inherited) @executable_path/Frameworks @loader_path/Frameworks";
				PRODUCT_BUNDLE_IDENTIFIER = NNMM.MZWeiboUITests;
				PRODUCT_NAME = "$(TARGET_NAME)";
				TEST_TARGET_NAME = MZWeibo;
				USES_XCTRUNNER = YES;
			};
			name = Debug;
		};
		C85F544A1CAE17AE00218EE3 /* Release */ = {
			isa = XCBuildConfiguration;
			buildSettings = {
				INFOPLIST_FILE = MZWeiboUITests/Info.plist;
				LD_RUNPATH_SEARCH_PATHS = "$(inherited) @executable_path/Frameworks @loader_path/Frameworks";
				PRODUCT_BUNDLE_IDENTIFIER = NNMM.MZWeiboUITests;
				PRODUCT_NAME = "$(TARGET_NAME)";
				TEST_TARGET_NAME = MZWeibo;
				USES_XCTRUNNER = YES;
			};
			name = Release;
		};
/* End XCBuildConfiguration section */

/* Begin XCConfigurationList section */
		C85F54151CAE17AE00218EE3 /* Build configuration list for PBXProject "MZWeibo" */ = {
			isa = XCConfigurationList;
			buildConfigurations = (
				C85F54401CAE17AE00218EE3 /* Debug */,
				C85F54411CAE17AE00218EE3 /* Release */,
			);
			defaultConfigurationIsVisible = 0;
			defaultConfigurationName = Release;
		};
		C85F54421CAE17AE00218EE3 /* Build configuration list for PBXNativeTarget "MZWeibo" */ = {
			isa = XCConfigurationList;
			buildConfigurations = (
				C85F54431CAE17AE00218EE3 /* Debug */,
				C85F54441CAE17AE00218EE3 /* Release */,
			);
			defaultConfigurationIsVisible = 0;
			defaultConfigurationName = Release;
		};
		C85F54451CAE17AE00218EE3 /* Build configuration list for PBXNativeTarget "MZWeiboTests" */ = {
			isa = XCConfigurationList;
			buildConfigurations = (
				C85F54461CAE17AE00218EE3 /* Debug */,
				C85F54471CAE17AE00218EE3 /* Release */,
			);
			defaultConfigurationIsVisible = 0;
			defaultConfigurationName = Release;
		};
		C85F54481CAE17AE00218EE3 /* Build configuration list for PBXNativeTarget "MZWeiboUITests" */ = {
			isa = XCConfigurationList;
			buildConfigurations = (
				C85F54491CAE17AE00218EE3 /* Debug */,
				C85F544A1CAE17AE00218EE3 /* Release */,
			);
			defaultConfigurationIsVisible = 0;
			defaultConfigurationName = Release;
		};
/* End XCConfigurationList section */
	};
	rootObject = C85F54121CAE17AE00218EE3 /* Project object */;
}
